<?xml version="1.0" encoding="UTF-8"?>
<CONFIG>
  <ProjectOptions>
    <Version Value="11"/>
    <PathDelim Value="\"/>
    <General>
      <SessionStorage Value="None"/>
      <MainUnit Value="0"/>
      <Title Value="seguros"/>
      <ResourceType Value="res"/>
      <UseXPManifest Value="True"/>
      <Icon Value="0"/>
    </General>
    <i18n>
      <EnableI18N LFM="False"/>
    </i18n>
    <BuildModes Count="1">
      <Item1 Name="Default" Default="True"/>
    </BuildModes>
    <PublishOptions>
      <Version Value="2"/>
    </PublishOptions>
    <RunParams>
      <FormatVersion Value="2"/>
      <Modes Count="1">
        <Mode0 Name="default"/>
      </Modes>
    </RunParams>
    <RequiredPackages Count="3">
      <Item1>
        <PackageName Value="FCL"/>
      </Item1>
      <Item2>
        <PackageName Value="zcomponent"/>
      </Item2>
      <Item3>
        <PackageName Value="LCL"/>
      </Item3>
    </RequiredPackages>
    <Units Count="11">
      <Unit0>
        <Filename Value="seguros.lpr"/>
        <IsPartOfProject Value="True"/>
      </Unit0>
      <Unit1>
        <Filename Value="frmprincipal.pas"/>
        <IsPartOfProject Value="True"/>
        <ComponentName Value="formPrincipal"/>
        <HasResources Value="True"/>
        <ResourceBaseClass Value="Form"/>
        <UnitName Value="frmPrincipal"/>
      </Unit1>
      <Unit2>
        <Filename Value="frmpadre.pas"/>
        <IsPartOfProject Value="True"/>
        <ComponentName Value="formPadre"/>
        <HasResources Value="True"/>
        <ResourceBaseClass Value="Form"/>
        <UnitName Value="frmPadre"/>
      </Unit2>
      <Unit3>
        <Filename Value="ramos\frmramos.pas"/>
        <IsPartOfProject Value="True"/>
        <ComponentName Value="formRamos"/>
        <HasResources Value="True"/>
        <ResourceBaseClass Value="Form"/>
        <UnitName Value="frmRamos"/>
      </Unit3>
      <Unit4>
        <Filename Value="companias\frmcompanias.pas"/>
        <IsPartOfProject Value="True"/>
        <ComponentName Value="formCompanias"/>
        <HasResources Value="True"/>
        <ResourceBaseClass Value="Form"/>
        <UnitName Value="frmCompanias"/>
      </Unit4>
      <Unit5>
        <Filename Value="clientes\frmclientes.pas"/>
        <IsPartOfProject Value="True"/>
        <ComponentName Value="formClientes"/>
        <HasResources Value="True"/>
        <ResourceBaseClass Value="Form"/>
        <UnitName Value="frmClientes"/>
      </Unit5>
      <Unit6>
        <Filename Value="maestros\frmprofesiones.pas"/>
        <IsPartOfProject Value="True"/>
        <ComponentName Value="formProfesiones"/>
        <HasResources Value="True"/>
        <ResourceBaseClass Value="Form"/>
        <UnitName Value="frmProfesiones"/>
      </Unit6>
      <Unit7>
        <Filename Value="maestros\frmformasdepago.pas"/>
        <IsPartOfProject Value="True"/>
        <ComponentName Value="formFormasdePago"/>
        <HasResources Value="True"/>
        <ResourceBaseClass Value="Form"/>
        <UnitName Value="frmFormasdePago"/>
      </Unit7>
      <Unit8>
        <Filename Value="configuracion\frmconexionmysql.pas"/>
        <IsPartOfProject Value="True"/>
        <ComponentName Value="formConexionMySQL"/>
        <HasResources Value="True"/>
        <ResourceBaseClass Value="Form"/>
      </Unit8>
      <Unit9>
        <Filename Value="colaboradores\frmcolaboradores.pas"/>
        <IsPartOfProject Value="True"/>
        <ComponentName Value="formColaboradores"/>
        <HasResources Value="True"/>
        <ResourceBaseClass Value="Form"/>
      </Unit9>
      <Unit10>
        <Filename Value="polizas\frmpolizas.pas"/>
        <IsPartOfProject Value="True"/>
        <ComponentName Value="formPolizas"/>
        <HasResources Value="True"/>
        <ResourceBaseClass Value="Form"/>
      </Unit10>
    </Units>
  </ProjectOptions>
  <CompilerOptions>
    <Version Value="11"/>
    <PathDelim Value="\"/>
    <Target>
      <Filename Value="bin/seguros"/>
    </Target>
    <SearchPaths>
      <IncludeFiles Value="$(ProjOutDir)"/>
      <OtherUnitFiles Value="ramos;companias;clientes;maestros;configuracion;colaboradores;polizas"/>
      <UnitOutputDirectory Value="lib\$(TargetCPU)-$(TargetOS)"/>
    </SearchPaths>
    <Linking>
      <Debugging>
        <GenerateDebugInfo Value="False"/>
      </Debugging>
      <Options>
        <Win32>
          <GraphicApplication Value="True"/>
        </Win32>
      </Options>
    </Linking>
  </CompilerOptions>
  <Debugging>
    <Exceptions Count="3">
      <Item1>
        <Name Value="EAbort"/>
      </Item1>
      <Item2>
        <Name Value="ECodetoolError"/>
      </Item2>
      <Item3>
        <Name Value="EFOpenError"/>
      </Item3>
    </Exceptions>
  </Debugging>
</CONFIG>
